
Microsoft Visual Studio Solution File, Format Version 12.00
# Visual Studio 15
VisualStudioVersion = 15.0.27428.2011
MinimumVisualStudioVersion = 10.0.40219.1
Project("{FAE04EC0-301F-11D3-BF4B-00C04F79EFBC}") = "MoalemYar", "MoalemYar\MoalemYar.csproj", "{BC9F9F23-87F0-4C50-9B5C-18F2243BFFA2}"
EndProject
Global
	GlobalSection(SolutionConfigurationPlatforms) = preSolution
		Debug|Any CPU = Debug|Any CPU
		Release|Any CPU = Release|Any CPU
	EndGlobalSection
	GlobalSection(ProjectConfigurationPlatforms) = postSolution
		{BC9F9F23-87F0-4C50-9B5C-18F2243BFFA2}.Debug|Any CPU.ActiveCfg = Debug|Any CPU
		{BC9F9F23-87F0-4C50-9B5C-18F2243BFFA2}.Debug|Any CPU.Build.0 = Debug|Any CPU
		{BC9F9F23-87F0-4C50-9B5C-18F2243BFFA2}.Release|Any CPU.ActiveCfg = Release|Any CPU
		{BC9F9F23-87F0-4C50-9B5C-18F2243BFFA2}.Release|Any CPU.Build.0 = Release|Any CPU
	EndGlobalSection
	GlobalSection(SolutionProperties) = preSolution
		HideSolutionNode = FALSE
	EndGlobalSection
	GlobalSection(ExtensibilityGlobals) = postSolution
		SolutionGuid = {811F6501-5CD3-4A16-A6EA-E677C3C35CE5}
	EndGlobalSection
EndGlobal
